
Microsoft Visual Studio Solution File, Format Version 12.00
# Visual Studio Version 17
VisualStudioVersion = 17.0.31903.59
MinimumVisualStudioVersion = 10.0.40219.1
Project("{9A19103F-16F7-4668-BE54-9A1E7A4F7556}") = "VoedselStore", "VoedselStore\VoedselStore.csproj", "{2910E99A-5550-4FF3-B30F-7DC27D139DD2}"
EndProject
Project("{9A19103F-16F7-4668-BE54-9A1E7A4F7556}") = "VoedselStore.Tests", "VoedselStore.Tests\VoedselStore.Tests.csproj", "{0835B75A-0FF4-4C94-9FE4-B06B1F10B7B0}"
EndProject
Project("{9A19103F-16F7-4668-BE54-9A1E7A4F7556}") = "Core.Domain", "Domain.Modals\Core.Domain.csproj", "{6DFDBFCD-2F63-4B71-8A62-80BC76E03657}"
EndProject
Project("{2150E333-8FDC-42A3-9474-1A3956D46DE8}") = "Core", "Core", "{2E2B6FAA-393E-4C62-B244-598323B735D6}"
EndProject
Project("{9A19103F-16F7-4668-BE54-9A1E7A4F7556}") = "Domain.Services", "Domain.Services\Domain.Services.csproj", "{36F60429-5452-4DD1-8FD6-0560CA4ACCD6}"
EndProject
Project("{2150E333-8FDC-42A3-9474-1A3956D46DE8}") = "Infrastructure", "Infrastructure", "{D359B889-AF72-47FE-A872-289E8BCCF172}"
EndProject
Project("{9A19103F-16F7-4668-BE54-9A1E7A4F7556}") = "Persistence", "Persistence\Persistence.csproj", "{5CE50AE8-6257-4F00-8433-3686863D7C48}"
EndProject
Project("{2150E333-8FDC-42A3-9474-1A3956D46DE8}") = "Presentation", "Presentation", "{B21505A2-7871-4B5E-9E5B-B2DB6036040E}"
EndProject
Project("{2150E333-8FDC-42A3-9474-1A3956D46DE8}") = "Service", "Service", "{E161085C-EA25-462F-9BB7-38062DB5B08A}"
EndProject
Project("{FAE04EC0-301F-11D3-BF4B-00C04F79EFBC}") = "VoedselApi", "VoedselApi\VoedselApi.csproj", "{30D73960-B606-4ABD-BD62-C48AA4AD4333}"
EndProject
Global
	GlobalSection(SolutionConfigurationPlatforms) = preSolution
		Debug|Any CPU = Debug|Any CPU
		Release|Any CPU = Release|Any CPU
	EndGlobalSection
	GlobalSection(ProjectConfigurationPlatforms) = postSolution
		{2910E99A-5550-4FF3-B30F-7DC27D139DD2}.Debug|Any CPU.ActiveCfg = Debug|Any CPU
		{2910E99A-5550-4FF3-B30F-7DC27D139DD2}.Debug|Any CPU.Build.0 = Debug|Any CPU
		{2910E99A-5550-4FF3-B30F-7DC27D139DD2}.Release|Any CPU.ActiveCfg = Release|Any CPU
		{2910E99A-5550-4FF3-B30F-7DC27D139DD2}.Release|Any CPU.Build.0 = Release|Any CPU
		{0835B75A-0FF4-4C94-9FE4-B06B1F10B7B0}.Debug|Any CPU.ActiveCfg = Debug|Any CPU
		{0835B75A-0FF4-4C94-9FE4-B06B1F10B7B0}.Debug|Any CPU.Build.0 = Debug|Any CPU
		{0835B75A-0FF4-4C94-9FE4-B06B1F10B7B0}.Release|Any CPU.ActiveCfg = Release|Any CPU
		{0835B75A-0FF4-4C94-9FE4-B06B1F10B7B0}.Release|Any CPU.Build.0 = Release|Any CPU
		{6DFDBFCD-2F63-4B71-8A62-80BC76E03657}.Debug|Any CPU.ActiveCfg = Debug|Any CPU
		{6DFDBFCD-2F63-4B71-8A62-80BC76E03657}.Debug|Any CPU.Build.0 = Debug|Any CPU
		{6DFDBFCD-2F63-4B71-8A62-80BC76E03657}.Release|Any CPU.ActiveCfg = Release|Any CPU
		{6DFDBFCD-2F63-4B71-8A62-80BC76E03657}.Release|Any CPU.Build.0 = Release|Any CPU
		{36F60429-5452-4DD1-8FD6-0560CA4ACCD6}.Debug|Any CPU.ActiveCfg = Debug|Any CPU
		{36F60429-5452-4DD1-8FD6-0560CA4ACCD6}.Debug|Any CPU.Build.0 = Debug|Any CPU
		{36F60429-5452-4DD1-8FD6-0560CA4ACCD6}.Release|Any CPU.ActiveCfg = Release|Any CPU
		{36F60429-5452-4DD1-8FD6-0560CA4ACCD6}.Release|Any CPU.Build.0 = Release|Any CPU
		{5CE50AE8-6257-4F00-8433-3686863D7C48}.Debug|Any CPU.ActiveCfg = Debug|Any CPU
		{5CE50AE8-6257-4F00-8433-3686863D7C48}.Debug|Any CPU.Build.0 = Debug|Any CPU
		{5CE50AE8-6257-4F00-8433-3686863D7C48}.Release|Any CPU.ActiveCfg = Release|Any CPU
		{5CE50AE8-6257-4F00-8433-3686863D7C48}.Release|Any CPU.Build.0 = Release|Any CPU
		{30D73960-B606-4ABD-BD62-C48AA4AD4333}.Debug|Any CPU.ActiveCfg = Debug|Any CPU
		{30D73960-B606-4ABD-BD62-C48AA4AD4333}.Debug|Any CPU.Build.0 = Debug|Any CPU
		{30D73960-B606-4ABD-BD62-C48AA4AD4333}.Release|Any CPU.ActiveCfg = Release|Any CPU
		{30D73960-B606-4ABD-BD62-C48AA4AD4333}.Release|Any CPU.Build.0 = Release|Any CPU
	EndGlobalSection
	GlobalSection(SolutionProperties) = preSolution
		HideSolutionNode = FALSE
	EndGlobalSection
	GlobalSection(NestedProjects) = preSolution
		{2910E99A-5550-4FF3-B30F-7DC27D139DD2} = {B21505A2-7871-4B5E-9E5B-B2DB6036040E}
		{0835B75A-0FF4-4C94-9FE4-B06B1F10B7B0} = {B21505A2-7871-4B5E-9E5B-B2DB6036040E}
		{6DFDBFCD-2F63-4B71-8A62-80BC76E03657} = {2E2B6FAA-393E-4C62-B244-598323B735D6}
		{36F60429-5452-4DD1-8FD6-0560CA4ACCD6} = {2E2B6FAA-393E-4C62-B244-598323B735D6}
		{5CE50AE8-6257-4F00-8433-3686863D7C48} = {D359B889-AF72-47FE-A872-289E8BCCF172}
		{30D73960-B606-4ABD-BD62-C48AA4AD4333} = {B21505A2-7871-4B5E-9E5B-B2DB6036040E}
	EndGlobalSection
	GlobalSection(ExtensibilityGlobals) = postSolution
		SolutionGuid = {8EF11141-44EA-4133-AB42-3D657D678174}
	EndGlobalSection
EndGlobal
